version = 1
revision = 3
requires-python = ">=3.14"

[[package]]
name = "lab3"
version = "0.1.0"
source = { virtual = "." }
dependencies = [
    { name = "thriftpy2" },
]

[package.metadata]
requires-dist = [{ name = "thriftpy2", specifier = ">=0.6.0" }]

[[package]]
name = "ply"
version = "3.11"
source = { registry = "https://pypi.org/simple" }
sdist = { url = "https://files.pythonhosted.org/packages/e5/69/882ee5c9d017149285cab114ebeab373308ef0f874fcdac9beb90e0ac4da/ply-3.11.tar.gz", hash = "sha256:00c7c1aaa88358b9c765b6d3000c6eec0ba42abca5351b095321aef446081da3", size = 159130, upload-time = "2018-02-15T19:01:31.097Z" }
wheels = [
    { url = "https://files.pythonhosted.org/packages/a3/58/35da89ee790598a0700ea49b2a66594140f44dec458c07e8e3d4979137fc/ply-3.11-py2.py3-none-any.whl", hash = "sha256:096f9b8350b65ebd2fd1346b12452efe5b9607f7482813ffca50c22722a807ce", size = 49567, upload-time = "2018-02-15T19:01:27.172Z" },
]

[[package]]
name = "six"
version = "1.17.0"
source = { registry = "https://pypi.org/simple" }
sdist = { url = "https://files.pythonhosted.org/packages/94/e7/b2c673351809dca68a0e064b6af791aa332cf192da575fd474ed7d6f16a2/six-1.17.0.tar.gz", hash = "sha256:ff70335d468e7eb6ec65b95b99d3a2836546063f63acc5171de367e834932a81", size = 34031, upload-time = "2024-12-04T17:35:28.174Z" }
wheels = [
    { url = "https://files.pythonhosted.org/packages/b7/ce/149a00dd41f10bc29e5921b496af8b574d8413afcd5e30dfa0ed46c2cc5e/six-1.17.0-py2.py3-none-any.whl", hash = "sha256:4721f391ed90541fddacab5acf947aa0d3dc7d27b2e1e8eda2be8970586c3274", size = 11050, upload-time = "2024-12-04T17:35:26.475Z" },
]

[[package]]
name = "thriftpy2"
version = "0.6.0"
source = { registry = "https://pypi.org/simple" }
dependencies = [
    { name = "ply" },
    { name = "six" },
]
sdist = { url = "https://files.pythonhosted.org/packages/cc/7c/bc038fb868b6b5474101197d42866fbc61839c4f739816587a748ac68541/thriftpy2-0.6.0.tar.gz", hash = "sha256:621c263f99274d51a9a1deecf301845f1408d497bdafed682db6155132a99cf4", size = 996147, upload-time = "2026-02-08T15:41:46.76Z" }
wheels = [
    { url = "https://files.pythonhosted.org/packages/94/09/cfda13d266cf995a619a434cdfa9c469311df6bb306c71fadf997a514b5d/thriftpy2-0.6.0-cp314-cp314-macosx_11_0_arm64.whl", hash = "sha256:443e502b428d325c57aec0947991857e8dc0589d0464181f35bd48f870cd5d18", size = 881267, upload-time = "2026-02-08T15:46:40.293Z" },
    { url = "https://files.pythonhosted.org/packages/8a/da/27097386d4cd60d463ae89a12216133305f1304b33d41e045eb29d11b4f2/thriftpy2-0.6.0-cp314-cp314-manylinux2014_aarch64.manylinux_2_17_aarch64.manylinux_2_28_aarch64.whl", hash = "sha256:033021acfc347f3e51cf107b189a5efafcd1e974a8217a4d066d93719b2bf353", size = 2067220, upload-time = "2026-02-08T15:50:49.82Z" },
    { url = "https://files.pythonhosted.org/packages/43/e5/3d3310f0fc902c4e85ecb33f41a917158311e3f3871cc1fea2f1458b96ef/thriftpy2-0.6.0-cp314-cp314-manylinux2014_x86_64.manylinux_2_17_x86_64.manylinux_2_28_x86_64.whl", hash = "sha256:0345c8ba40f7b98c24c1ecabfc04ff512ed930ab86ff277572bd279b69a0a252", size = 2061934, upload-time = "2026-02-08T15:52:22.095Z" },
    { url = "https://files.pythonhosted.org/packages/36/be/3b7bfdb0a7740362db3f60ad332b2c38392b43b748eb917239e44fc38e3a/thriftpy2-0.6.0-cp314-cp314-musllinux_1_2_aarch64.whl", hash = "sha256:28fd55960a6d42207060536109928a4615fbbd6874c0ddd8a705b47075f1d2d0", size = 2039315, upload-time = "2026-02-08T15:50:51.621Z" },
    { url = "https://files.pythonhosted.org/packages/5b/e8/ae4e5e75937d969c70e2d065e39bdef274fb2607b6f7c23d8b8ed35ddac0/thriftpy2-0.6.0-cp314-cp314-musllinux_1_2_x86_64.whl", hash = "sha256:cd2e2c4dcc30c373e317d39b044afa6d9a090bec11d186f25841f70bc520bbb5", size = 2055675, upload-time = "2026-02-08T15:52:23.959Z" },
    { url = "https://files.pythonhosted.org/packages/c0/6a/827d1329c65e521a01511624d724d08073dbb019d14b0eb8301f599b0ee9/thriftpy2-0.6.0-cp314-cp314-win32.whl", hash = "sha256:f837ab85ae93b118766b8b28a1cec47a1daddee303e1f986a595c56379062a5c", size = 835155, upload-time = "2026-02-08T15:54:11.973Z" },
    { url = "https://files.pythonhosted.org/packages/06/67/bfcb5a68c9b6239ab23c3509824fa87b8df59b34a985a68d226e255b9f1c/thriftpy2-0.6.0-cp314-cp314-win_amd64.whl", hash = "sha256:b51b5259dc344482ab21b768dfc7f54d51d9133665e72890831725068f69f24a", size = 859439, upload-time = "2026-02-08T15:54:14.64Z" },
    { url = "https://files.pythonhosted.org/packages/bd/54/c578487fb2a1cb8ab9249897bc6642e32aa9df2aa30ad56528aecf8cbe55/thriftpy2-0.6.0-cp314-cp314-win_arm64.whl", hash = "sha256:eccab0281667caab0c055882b3bbb8e346bb0181e55f37477e3e5e3f5b7a96dd", size = 829407, upload-time = "2026-03-27T04:44:57.667Z" },
    { url = "https://files.pythonhosted.org/packages/22/ac/2c738a413780ed92ccd4abe650a14034e05c9d33f3e49e1f7584fbfec08d/thriftpy2-0.6.0-cp314-cp314t-macosx_11_0_arm64.whl", hash = "sha256:0c2f823bb691dd71c9c81170026dc52ace5b750881799960ea9f992919eb9731", size = 903798, upload-time = "2026-02-08T15:46:42.353Z" },
    { url = "https://files.pythonhosted.org/packages/f4/eb/293b9f53341a5646c484005f281ab99efe48f1222ed7ee61d92a096766d4/thriftpy2-0.6.0-cp314-cp314t-manylinux2014_aarch64.manylinux_2_17_aarch64.manylinux_2_28_aarch64.whl", hash = "sha256:bc320e960347e5f9d27e8b4a9fc7044b2b26bfe4522bb4957e741fc1d1ebd2f0", size = 2363372, upload-time = "2026-02-08T15:50:53.01Z" },
    { url = "https://files.pythonhosted.org/packages/47/39/2e7bbba684577820acf4bbf5512f8cb53627721756036bd18217c0b2f180/thriftpy2-0.6.0-cp314-cp314t-manylinux2014_x86_64.manylinux_2_17_x86_64.manylinux_2_28_x86_64.whl", hash = "sha256:6f78d1ceac9545b87857c0e9b4e28a42fb98f8c6991d6b0e4099a012c35d2e73", size = 2316988, upload-time = "2026-02-08T15:52:25.336Z" },
    { url = "https://files.pythonhosted.org/packages/7e/0b/62b4e2485d673916405e84b15c8c8480b07afc6ad23c72246a5e70e6e757/thriftpy2-0.6.0-cp314-cp314t-musllinux_1_2_aarch64.whl", hash = "sha256:f59f74c3779aa47223ba0a9e23ef10d2af5a873ed3624c78303f62a679d1b63e", size = 2292188, upload-time = "2026-02-08T15:50:54.691Z" },
    { url = "https://files.pythonhosted.org/packages/bf/70/fca335eadc55833fc43cb93c7962924eebfea1f40ca9027d382bd3d57915/thriftpy2-0.6.0-cp314-cp314t-musllinux_1_2_x86_64.whl", hash = "sha256:4550cbb6629c9f6186ab22cb497f262408e1a90ae10b8653599f2717f518f0df", size = 2301427, upload-time = "2026-02-08T15:52:26.802Z" },
    { url = "https://files.pythonhosted.org/packages/77/96/4068e03a6028e1e05ee65038866fccc25f6443d69647bc93e71d1124a244/thriftpy2-0.6.0-cp314-cp314t-win32.whl", hash = "sha256:8b19d19661fc9a71f19b7c432c413ab65025e5dd11fbd192bd9169afb13b9ce0", size = 869427, upload-time = "2026-02-08T15:54:16.184Z" },
    { url = "https://files.pythonhosted.org/packages/45/e0/fbfbdd29f6dace902e7d726c9ad04b5fea26d013fa43fafd16fe14d7fd1b/thriftpy2-0.6.0-cp314-cp314t-win_amd64.whl", hash = "sha256:aa57de5929ada67d2f753442ce04dcc35561899558a1566f39f6e0c893cbc54b", size = 901587, upload-time = "2026-02-08T15:54:17.588Z" },
    { url = "https://files.pythonhosted.org/packages/c4/ab/e14a67930784043d179924ce745f19753a613137345ef1212c42d82774e4/thriftpy2-0.6.0-cp314-cp314t-win_arm64.whl", hash = "sha256:2c88b0d356ea18ce026a52aa7c2110693db77fd52d5ac7553616635a7f165bbd", size = 846421, upload-time = "2026-03-27T04:44:59.439Z" },
]
